// !$*UTF8*$!
{
	archiveVersion = 1;
	classes = {
	};
	objectVersion = 46;
	objects = {

/* Begin PBXBuildFile section */
		7A2379221C88E32A00DBD7DA /* Post.swift in Sources */ = {isa = PBXBuildFile; fileRef = 7A2379211C88E32A00DBD7DA /* Post.swift */; };
		7A2379241C89205F00DBD7DA /* PointsInTimeViewController.swift in Sources */ = {isa = PBXBuildFile; fileRef = 7A2379231C89205F00DBD7DA /* PointsInTimeViewController.swift */; };
		7A2379261C8927F900DBD7DA /* PointInTimeCell.swift in Sources */ = {isa = PBXBuildFile; fileRef = 7A2379251C8927F900DBD7DA /* PointInTimeCell.swift */; };
		7A5663F71C8557BF003E3172 /* SignInViewController.swift in Sources */ = {isa = PBXBuildFile; fileRef = 7A5663F61C8557BF003E3172 /* SignInViewController.swift */; };
		7A5663FA1C8569E8003E3172 /* loggedInView.swift in Sources */ = {isa = PBXBuildFile; fileRef = 7A5663F91C8569E8003E3172 /* loggedInView.swift */; };
		7AAA54DB1C853EA500F6B091 /* AppDelegate.swift in Sources */ = {isa = PBXBuildFile; fileRef = 7AAA54DA1C853EA500F6B091 /* AppDelegate.swift */; };
		7AAA54DD1C853EA500F6B091 /* ViewController.swift in Sources */ = {isa = PBXBuildFile; fileRef = 7AAA54DC1C853EA500F6B091 /* ViewController.swift */; };
		7AAA54E01C853EA500F6B091 /* Main.storyboard in Resources */ = {isa = PBXBuildFile; fileRef = 7AAA54DE1C853EA500F6B091 /* Main.storyboard */; };
		7AAA54E21C853EA500F6B091 /* Assets.xcassets in Resources */ = {isa = PBXBuildFile; fileRef = 7AAA54E11C853EA500F6B091 /* Assets.xcassets */; };
		7AAA54E51C853EA500F6B091 /* LaunchScreen.storyboard in Resources */ = {isa = PBXBuildFile; fileRef = 7AAA54E31C853EA500F6B091 /* LaunchScreen.storyboard */; };
		7AEF13771C8A708D00FE9DBA /* PointInTime.swift in Sources */ = {isa = PBXBuildFile; fileRef = 7AEF13761C8A708D00FE9DBA /* PointInTime.swift */; };
		7AFAEE831C8B89F50060BB29 /* ProfileViewController.swift in Sources */ = {isa = PBXBuildFile; fileRef = 7AFAEE821C8B89F50060BB29 /* ProfileViewController.swift */; };
		7AFAEE851C8BBAF20060BB29 /* ParsePictureSetter.swift in Sources */ = {isa = PBXBuildFile; fileRef = 7AFAEE841C8BBAF20060BB29 /* ParsePictureSetter.swift */; };
		FEC248B655CF77BBD40A8BFA /* Pods_PointInTime.framework in Frameworks */ = {isa = PBXBuildFile; fileRef = 5B32C8BCF0E614EA6C18D557 /* Pods_PointInTime.framework */; };
/* End PBXBuildFile section */

/* Begin PBXFileReference section */
		43AAE44CBD7A45275F0B5E48 /* Pods-PointInTime.debug.xcconfig */ = {isa = PBXFileReference; includeInIndex = 1; lastKnownFileType = text.xcconfig; name = "Pods-PointInTime.debug.xcconfig"; path = "Pods/Target Support Files/Pods-PointInTime/Pods-PointInTime.debug.xcconfig"; sourceTree = "<group>"; };
		5B32C8BCF0E614EA6C18D557 /* Pods_PointInTime.framework */ = {isa = PBXFileReference; explicitFileType = wrapper.framework; includeInIndex = 0; path = Pods_PointInTime.framework; sourceTree = BUILT_PRODUCTS_DIR; };
		7A2379211C88E32A00DBD7DA /* Post.swift */ = {isa = PBXFileReference; fileEncoding = 4; lastKnownFileType = sourcecode.swift; path = Post.swift; sourceTree = "<group>"; };
		7A2379231C89205F00DBD7DA /* PointsInTimeViewController.swift */ = {isa = PBXFileReference; fileEncoding = 4; lastKnownFileType = sourcecode.swift; path = PointsInTimeViewController.swift; sourceTree = "<group>"; };
		7A2379251C8927F900DBD7DA /* PointInTimeCell.swift */ = {isa = PBXFileReference; fileEncoding = 4; lastKnownFileType = sourcecode.swift; path = PointInTimeCell.swift; sourceTree = "<group>"; };
		7A5663F61C8557BF003E3172 /* SignInViewController.swift */ = {isa = PBXFileReference; fileEncoding = 4; lastKnownFileType = sourcecode.swift; name = SignInViewController.swift; path = PointInTime/SignInViewController.swift; sourceTree = "<group>"; };
		7A5663F91C8569E8003E3172 /* loggedInView.swift */ = {isa = PBXFileReference; fileEncoding = 4; lastKnownFileType = sourcecode.swift; name = loggedInView.swift; path = PointInTime/loggedInView.swift; sourceTree = "<group>"; };
		7AAA54D71C853EA500F6B091 /* PointInTime.app */ = {isa = PBXFileReference; explicitFileType = wrapper.application; includeInIndex = 0; path = PointInTime.app; sourceTree = BUILT_PRODUCTS_DIR; };
		7AAA54DA1C853EA500F6B091 /* AppDelegate.swift */ = {isa = PBXFileReference; lastKnownFileType = sourcecode.swift; path = AppDelegate.swift; sourceTree = "<group>"; };
		7AAA54DC1C853EA500F6B091 /* ViewController.swift */ = {isa = PBXFileReference; lastKnownFileType = sourcecode.swift; path = ViewController.swift; sourceTree = "<group>"; };
		7AAA54DF1C853EA500F6B091 /* Base */ = {isa = PBXFileReference; lastKnownFileType = file.storyboard; name = Base; path = Base.lproj/Main.storyboard; sourceTree = "<group>"; };
		7AAA54E11C853EA500F6B091 /* Assets.xcassets */ = {isa = PBXFileReference; lastKnownFileType = folder.assetcatalog; path = Assets.xcassets; sourceTree = "<group>"; };
		7AAA54E41C853EA500F6B091 /* Base */ = {isa = PBXFileReference; lastKnownFileType = file.storyboard; name = Base; path = Base.lproj/LaunchScreen.storyboard; sourceTree = "<group>"; };
		7AAA54E61C853EA500F6B091 /* Info.plist */ = {isa = PBXFileReference; lastKnownFileType = text.plist.xml; path = Info.plist; sourceTree = "<group>"; };
		7AEF13761C8A708D00FE9DBA /* PointInTime.swift */ = {isa = PBXFileReference; fileEncoding = 4; lastKnownFileType = sourcecode.swift; path = PointInTime.swift; sourceTree = "<group>"; };
		7AFAEE821C8B89F50060BB29 /* ProfileViewController.swift */ = {isa = PBXFileReference; fileEncoding = 4; lastKnownFileType = sourcecode.swift; name = ProfileViewController.swift; path = PointInTime/ProfileViewController.swift; sourceTree = "<group>"; };
		7AFAEE841C8BBAF20060BB29 /* ParsePictureSetter.swift */ = {isa = PBXFileReference; fileEncoding = 4; lastKnownFileType = sourcecode.swift; path = ParsePictureSetter.swift; sourceTree = "<group>"; };
		F06F5E77D4FBA07C9E540EAA /* Pods-PointInTime.release.xcconfig */ = {isa = PBXFileReference; includeInIndex = 1; lastKnownFileType = text.xcconfig; name = "Pods-PointInTime.release.xcconfig"; path = "Pods/Target Support Files/Pods-PointInTime/Pods-PointInTime.release.xcconfig"; sourceTree = "<group>"; };
/* End PBXFileReference section */

/* Begin PBXFrameworksBuildPhase section */
		7AAA54D41C853EA500F6B091 /* Frameworks */ = {
			isa = PBXFrameworksBuildPhase;
			buildActionMask = 2147483647;
			files = (
				FEC248B655CF77BBD40A8BFA /* Pods_PointInTime.framework in Frameworks */,
			);
			runOnlyForDeploymentPostprocessing = 0;
		};
/* End PBXFrameworksBuildPhase section */

/* Begin PBXGroup section */
		3744BEFA607725052D29EE33 /* Pods */ = {
			isa = PBXGroup;
			children = (
				43AAE44CBD7A45275F0B5E48 /* Pods-PointInTime.debug.xcconfig */,
				F06F5E77D4FBA07C9E540EAA /* Pods-PointInTime.release.xcconfig */,
			);
			name = Pods;
			sourceTree = "<group>";
		};
		7A2379201C88E30900DBD7DA /* Models */ = {
			isa = PBXGroup;
			children = (
				7A2379211C88E32A00DBD7DA /* Post.swift */,
				7A2379251C8927F900DBD7DA /* PointInTimeCell.swift */,
				7AEF13761C8A708D00FE9DBA /* PointInTime.swift */,
				7AFAEE841C8BBAF20060BB29 /* ParsePictureSetter.swift */,
			);
			name = Models;
			sourceTree = "<group>";
		};
		7A5663F81C8557F9003E3172 /* View Controllers */ = {
			isa = PBXGroup;
			children = (
				7A5663F61C8557BF003E3172 /* SignInViewController.swift */,
				7A5663F91C8569E8003E3172 /* loggedInView.swift */,
				7AFAEE821C8B89F50060BB29 /* ProfileViewController.swift */,
				7A2379231C89205F00DBD7DA /* PointsInTimeViewController.swift */,
			);
			name = "View Controllers";
			sourceTree = "<group>";
		};
		7AAA54CE1C853EA500F6B091 = {
			isa = PBXGroup;
			children = (
				7A2379201C88E30900DBD7DA /* Models */,
				7A5663F81C8557F9003E3172 /* View Controllers */,
				7AAA54D91C853EA500F6B091 /* PointInTime */,
				7AAA54D81C853EA500F6B091 /* Products */,
				3744BEFA607725052D29EE33 /* Pods */,
				B0533E5DB7E0D4144ABDEEC1 /* Frameworks */,
			);
			sourceTree = "<group>";
		};
		7AAA54D81C853EA500F6B091 /* Products */ = {
			isa = PBXGroup;
			children = (
				7AAA54D71C853EA500F6B091 /* PointInTime.app */,
			);
			name = Products;
			sourceTree = "<group>";
		};
		7AAA54D91C853EA500F6B091 /* PointInTime */ = {
			isa = PBXGroup;
			children = (
				7AAA54DA1C853EA500F6B091 /* AppDelegate.swift */,
				7AAA54DC1C853EA500F6B091 /* ViewController.swift */,
				7AAA54DE1C853EA500F6B091 /* Main.storyboard */,
				7AAA54E11C853EA500F6B091 /* Assets.xcassets */,
				7AAA54E31C853EA500F6B091 /* LaunchScreen.storyboard */,
				7AAA54E61C853EA500F6B091 /* Info.plist */,
			);
			path = PointInTime;
			sourceTree = "<group>";
		};
		B0533E5DB7E0D4144ABDEEC1 /* Frameworks */ = {
			isa = PBXGroup;
			children = (
				5B32C8BCF0E614EA6C18D557 /* Pods_PointInTime.framework */,
			);
			name = Frameworks;
			sourceTree = "<group>";
		};
/* End PBXGroup section */

/* Begin PBXNativeTarget section */
		7AAA54D61C853EA500F6B091 /* PointInTime */ = {
			isa = PBXNativeTarget;
			buildConfigurationList = 7AAA54E91C853EA500F6B091 /* Build configuration list for PBXNativeTarget "PointInTime" */;
			buildPhases = (
				310B5E19B06AA9C168A452F3 /* Check Pods Manifest.lock */,
				7AAA54D31C853EA500F6B091 /* Sources */,
				7AAA54D41C853EA500F6B091 /* Frameworks */,
				7AAA54D51C853EA500F6B091 /* Resources */,
				61E17DC15754B21DD3F8AD31 /* Embed Pods Frameworks */,
				DC4228803E1AE67EE4F5AC21 /* Copy Pods Resources */,
			);
			buildRules = (
			);
			dependencies = (
			);
			name = PointInTime;
			productName = PointInTime;
			productReference = 7AAA54D71C853EA500F6B091 /* PointInTime.app */;
			productType = "com.apple.product-type.application";
		};
/* End PBXNativeTarget section */

/* Begin PBXProject section */
		7AAA54CF1C853EA500F6B091 /* Project object */ = {
			isa = PBXProject;
			attributes = {
				LastSwiftUpdateCheck = 0720;
				LastUpgradeCheck = 0720;
				ORGANIZATIONNAME = EricDev;
				TargetAttributes = {
					7AAA54D61C853EA500F6B091 = {
						CreatedOnToolsVersion = 7.2;
						DevelopmentTeam = 77S94498YM;
					};
				};
			};
			buildConfigurationList = 7AAA54D21C853EA500F6B091 /* Build configuration list for PBXProject "PointInTime" */;
			compatibilityVersion = "Xcode 3.2";
			developmentRegion = English;
			hasScannedForEncodings = 0;
			knownRegions = (
				en,
				Base,
			);
			mainGroup = 7AAA54CE1C853EA500F6B091;
			productRefGroup = 7AAA54D81C853EA500F6B091 /* Products */;
			projectDirPath = "";
			projectRoot = "";
			targets = (
				7AAA54D61C853EA500F6B091 /* PointInTime */,
			);
		};
/* End PBXProject section */

/* Begin PBXResourcesBuildPhase section */
		7AAA54D51C853EA500F6B091 /* Resources */ = {
			isa = PBXResourcesBuildPhase;
			buildActionMask = 2147483647;
			files = (
				7AAA54E51C853EA500F6B091 /* LaunchScreen.storyboard in Resources */,
				7AAA54E21C853EA500F6B091 /* Assets.xcassets in Resources */,
				7AAA54E01C853EA500F6B091 /* Main.storyboard in Resources */,
			);
			runOnlyForDeploymentPostprocessing = 0;
		};
/* End PBXResourcesBuildPhase section */

/* Begin PBXShellScriptBuildPhase section */
		310B5E19B06AA9C168A452F3 /* Check Pods Manifest.lock */ = {
			isa = PBXShellScriptBuildPhase;
			buildActionMask = 2147483647;
			files = (
			);
			inputPaths = (
			);
			name = "Check Pods Manifest.lock";
			outputPaths = (
			);
			runOnlyForDeploymentPostprocessing = 0;
			shellPath = /bin/sh;
			shellScript = "diff \"${PODS_ROOT}/../Podfile.lock\" \"${PODS_ROOT}/Manifest.lock\" > /dev/null\nif [[ $? != 0 ]] ; then\n    cat << EOM\nerror: The sandbox is not in sync with the Podfile.lock. Run 'pod install' or update your CocoaPods installation.\nEOM\n    exit 1\nfi\n";
			showEnvVarsInLog = 0;
		};
		61E17DC15754B21DD3F8AD31 /* Embed Pods Frameworks */ = {
			isa = PBXShellScriptBuildPhase;
			buildActionMask = 2147483647;
			files = (
			);
			inputPaths = (
			);
			name = "Embed Pods Frameworks";
			outputPaths = (
			);
			runOnlyForDeploymentPostprocessing = 0;
			shellPath = /bin/sh;
			shellScript = "\"${SRCROOT}/Pods/Target Support Files/Pods-PointInTime/Pods-PointInTime-frameworks.sh\"\n";
			showEnvVarsInLog = 0;
		};
		DC4228803E1AE67EE4F5AC21 /* Copy Pods Resources */ = {
			isa = PBXShellScriptBuildPhase;
			buildActionMask = 2147483647;
			files = (
			);
			inputPaths = (
			);
			name = "Copy Pods Resources";
			outputPaths = (
			);
			runOnlyForDeploymentPostprocessing = 0;
			shellPath = /bin/sh;
			shellScript = "\"${SRCROOT}/Pods/Target Support Files/Pods-PointInTime/Pods-PointInTime-resources.sh\"\n";
			showEnvVarsInLog = 0;
		};
/* End PBXShellScriptBuildPhase section */

/* Begin PBXSourcesBuildPhase section */
		7AAA54D31C853EA500F6B091 /* Sources */ = {
			isa = PBXSourcesBuildPhase;
			buildActionMask = 2147483647;
			files = (
				7AAA54DD1C853EA500F6B091 /* ViewController.swift in Sources */,
				7A2379261C8927F900DBD7DA /* PointInTimeCell.swift in Sources */,
				7A2379221C88E32A00DBD7DA /* Post.swift in Sources */,
				7A2379241C89205F00DBD7DA /* PointsInTimeViewController.swift in Sources */,
				7AEF13771C8A708D00FE9DBA /* PointInTime.swift in Sources */,
				7A5663FA1C8569E8003E3172 /* loggedInView.swift in Sources */,
				7AFAEE831C8B89F50060BB29 /* ProfileViewController.swift in Sources */,
				7AFAEE851C8BBAF20060BB29 /* ParsePictureSetter.swift in Sources */,
				7AAA54DB1C853EA500F6B091 /* AppDelegate.swift in Sources */,
				7A5663F71C8557BF003E3172 /* SignInViewController.swift in Sources */,
			);
			runOnlyForDeploymentPostprocessing = 0;
		};
/* End PBXSourcesBuildPhase section */

/* Begin PBXVariantGroup section */
		7AAA54DE1C853EA500F6B091 /* Main.storyboard */ = {
			isa = PBXVariantGroup;
			children = (
				7AAA54DF1C853EA500F6B091 /* Base */,
			);
			name = Main.storyboard;
			sourceTree = "<group>";
		};
		7AAA54E31C853EA500F6B091 /* LaunchScreen.storyboard */ = {
			isa = PBXVariantGroup;
			children = (
				7AAA54E41C853EA500F6B091 /* Base */,
			);
			name = LaunchScreen.storyboard;
			sourceTree = "<group>";
		};
/* End PBXVariantGroup section */

/* Begin XCBuildConfiguration section */
		7AAA54E71C853EA500F6B091 /* Debug */ = {
			isa = XCBuildConfiguration;
			buildSettings = {
				ALWAYS_SEARCH_USER_PATHS = NO;
				CLANG_CXX_LANGUAGE_STANDARD = "gnu++0x";
				CLANG_CXX_LIBRARY = "libc++";
				CLANG_ENABLE_MODULES = YES;
				CLANG_ENABLE_OBJC_ARC = YES;
				CLANG_WARN_BOOL_CONVERSION = YES;
				CLANG_WARN_CONSTANT_CONVERSION = YES;
				CLANG_WARN_DIRECT_OBJC_ISA_USAGE = YES_ERROR;
				CLANG_WARN_EMPTY_BODY = YES;
				CLANG_WARN_ENUM_CONVERSION = YES;
				CLANG_WARN_INT_CONVERSION = YES;
				CLANG_WARN_OBJC_ROOT_CLASS = YES_ERROR;
				CLANG_WARN_UNREACHABLE_CODE = YES;
				CLANG_WARN__DUPLICATE_METHOD_MATCH = YES;
				"CODE_SIGN_IDENTITY[sdk=iphoneos*]" = "iPhone Developer";
				COPY_PHASE_STRIP = NO;
				DEBUG_INFORMATION_FORMAT = dwarf;
				ENABLE_STRICT_OBJC_MSGSEND = YES;
				ENABLE_TESTABILITY = YES;
				GCC_C_LANGUAGE_STANDARD = gnu99;
				GCC_DYNAMIC_NO_PIC = NO;
				GCC_NO_COMMON_BLOCKS = YES;
				GCC_OPTIMIZATION_LEVEL = 0;
				GCC_PREPROCESSOR_DEFINITIONS = (
					"DEBUG=1",
					"$(inherited)",
				);
				GCC_WARN_64_TO_32_BIT_CONVERSION = YES;
				GCC_WARN_ABOUT_RETURN_TYPE = YES_ERROR;
				GCC_WARN_UNDECLARED_SELECTOR = YES;
				GCC_WARN_UNINITIALIZED_AUTOS = YES_AGGRESSIVE;
				GCC_WARN_UNUSED_FUNCTION = YES;
				GCC_WARN_UNUSED_VARIABLE = YES;
				IPHONEOS_DEPLOYMENT_TARGET = 9.2;
				MTL_ENABLE_DEBUG_INFO = YES;
				ONLY_ACTIVE_ARCH = YES;
				SDKROOT = iphoneos;
				SWIFT_OPTIMIZATION_LEVEL = "-Onone";
			};
			name = Debug;
		};
		7AAA54E81C853EA500F6B091 /* Release */ = {
			isa = XCBuildConfiguration;
			buildSettings = {
				ALWAYS_SEARCH_USER_PATHS = NO;
				CLANG_CXX_LANGUAGE_STANDARD = "gnu++0x";
				CLANG_CXX_LIBRARY = "libc++";
				CLANG_ENABLE_MODULES = YES;
				CLANG_ENABLE_OBJC_ARC = YES;
				CLANG_WARN_BOOL_CONVERSION = YES;
				CLANG_WARN_CONSTANT_CONVERSION = YES;
				CLANG_WARN_DIRECT_OBJC_ISA_USAGE = YES_ERROR;
				CLANG_WARN_EMPTY_BODY = YES;
				CLANG_WARN_ENUM_CONVERSION = YES;
				CLANG_WARN_INT_CONVERSION = YES;
				CLANG_WARN_OBJC_ROOT_CLASS = YES_ERROR;
				CLANG_WARN_UNREACHABLE_CODE = YES;
				CLANG_WARN__DUPLICATE_METHOD_MATCH = YES;
				"CODE_SIGN_IDENTITY[sdk=iphoneos*]" = "iPhone Developer";
				COPY_PHASE_STRIP = NO;
				DEBUG_INFORMATION_FORMAT = "dwarf-with-dsym";
				ENABLE_NS_ASSERTIONS = NO;
				ENABLE_STRICT_OBJC_MSGSEND = YES;
				GCC_C_LANGUAGE_STANDARD = gnu99;
				GCC_NO_COMMON_BLOCKS = YES;
				GCC_WARN_64_TO_32_BIT_CONVERSION = YES;
				GCC_WARN_ABOUT_RETURN_TYPE = YES_ERROR;
				GCC_WARN_UNDECLARED_SELECTOR = YES;
				GCC_WARN_UNINITIALIZED_AUTOS = YES_AGGRESSIVE;
				GCC_WARN_UNUSED_FUNCTION = YES;
				GCC_WARN_UNUSED_VARIABLE = YES;
				IPHONEOS_DEPLOYMENT_TARGET = 9.2;
				MTL_ENABLE_DEBUG_INFO = NO;
				SDKROOT = iphoneos;
				VALIDATE_PRODUCT = YES;
			};
			name = Release;
		};
		7AAA54EA1C853EA500F6B091 /* Debug */ = {
			isa = XCBuildConfiguration;
			baseConfigurationReference = 43AAE44CBD7A45275F0B5E48 /* Pods-PointInTime.debug.xcconfig */;
			buildSettings = {
				ASSETCATALOG_COMPILER_APPICON_NAME = AppIcon;
				INFOPLIST_FILE = PointInTime/Info.plist;
				LD_RUNPATH_SEARCH_PATHS = "$(inherited) @executable_path/Frameworks";
				PRODUCT_BUNDLE_IDENTIFIER = CCSF.PointInTime;
				PRODUCT_NAME = "$(TARGET_NAME)";
			};
			name = Debug;
		};
		7AAA54EB1C853EA500F6B091 /* Release */ = {
			isa = XCBuildConfiguration;
			baseConfigurationReference = F06F5E77D4FBA07C9E540EAA /* Pods-PointInTime.release.xcconfig */;
			buildSettings = {
				ASSETCATALOG_COMPILER_APPICON_NAME = AppIcon;
				INFOPLIST_FILE = PointInTime/Info.plist;
				LD_RUNPATH_SEARCH_PATHS = "$(inherited) @executable_path/Frameworks";
				PRODUCT_BUNDLE_IDENTIFIER = CCSF.PointInTime;
				PRODUCT_NAME = "$(TARGET_NAME)";
			};
			name = Release;
		};
/* End XCBuildConfiguration section */

/* Begin XCConfigurationList section */
		7AAA54D21C853EA500F6B091 /* Build configuration list for PBXProject "PointInTime" */ = {
			isa = XCConfigurationList;
			buildConfigurations = (
				7AAA54E71C853EA500F6B091 /* Debug */,
				7AAA54E81C853EA500F6B091 /* Release */,
			);
			defaultConfigurationIsVisible = 0;
			defaultConfigurationName = Release;
		};
		7AAA54E91C853EA500F6B091 /* Build configuration list for PBXNativeTarget "PointInTime" */ = {
			isa = XCConfigurationList;
			buildConfigurations = (
				7AAA54EA1C853EA500F6B091 /* Debug */,
				7AAA54EB1C853EA500F6B091 /* Release */,
			);
			defaultConfigurationIsVisible = 0;
			defaultConfigurationName = Release;
		};
/* End XCConfigurationList section */
	};
	rootObject = 7AAA54CF1C853EA500F6B091 /* Project object */;
}
